// !$*UTF8*$!
{
	archiveVersion = 1;
	classes = {
	};
	objectVersion = 55;
	objects = {

/* Begin PBXBuildFile section */
		2DB4C8CA0524F08A7AC1CD65 /* Pods_My_Bank_My_BankUITests.framework in Frameworks */ = {isa = PBXBuildFile; fileRef = 56BC4B68143CC75B7030667A /* Pods_My_Bank_My_BankUITests.framework */; };
		3A7A600E0BD957A27072F9E9 /* Pods_My_Bank.framework in Frameworks */ = {isa = PBXBuildFile; fileRef = 6F76A49018FE23C55C923613 /* Pods_My_Bank.framework */; };
		6F868553A586CAB9FB4C3FAB /* Pods_My_BankTests.framework in Frameworks */ = {isa = PBXBuildFile; fileRef = 0CDE8024CF11FD36D1D1E8BE /* Pods_My_BankTests.framework */; };
		A77395962802C1FA00611B33 /* AppDelegate.swift in Sources */ = {isa = PBXBuildFile; fileRef = A77395952802C1FA00611B33 /* AppDelegate.swift */; };
		A77395982802C1FA00611B33 /* SceneDelegate.swift in Sources */ = {isa = PBXBuildFile; fileRef = A77395972802C1FA00611B33 /* SceneDelegate.swift */; };
		A773959A2802C1FA00611B33 /* ViewController.swift in Sources */ = {isa = PBXBuildFile; fileRef = A77395992802C1FA00611B33 /* ViewController.swift */; };
		A773959D2802C1FA00611B33 /* Main.storyboard in Resources */ = {isa = PBXBuildFile; fileRef = A773959B2802C1FA00611B33 /* Main.storyboard */; };
		A773959F2802C1FB00611B33 /* Assets.xcassets in Resources */ = {isa = PBXBuildFile; fileRef = A773959E2802C1FB00611B33 /* Assets.xcassets */; };
		A77395A22802C1FB00611B33 /* LaunchScreen.storyboard in Resources */ = {isa = PBXBuildFile; fileRef = A77395A02802C1FB00611B33 /* LaunchScreen.storyboard */; };
		A77395AD2802C1FB00611B33 /* My_BankTests.swift in Sources */ = {isa = PBXBuildFile; fileRef = A77395AC2802C1FB00611B33 /* My_BankTests.swift */; };
		A77395B72802C1FB00611B33 /* My_BankUITests.swift in Sources */ = {isa = PBXBuildFile; fileRef = A77395B62802C1FB00611B33 /* My_BankUITests.swift */; };
		A77395B92802C1FB00611B33 /* My_BankUITestsLaunchTests.swift in Sources */ = {isa = PBXBuildFile; fileRef = A77395B82802C1FB00611B33 /* My_BankUITestsLaunchTests.swift */; };
		A77395D02802CB3500611B33 /* StartMenuVC.swift in Sources */ = {isa = PBXBuildFile; fileRef = A77395CE2802CB3500611B33 /* StartMenuVC.swift */; };
		A77395D12802CB3500611B33 /* StartMenuVC.xib in Resources */ = {isa = PBXBuildFile; fileRef = A77395CF2802CB3500611B33 /* StartMenuVC.xib */; };
		A77395D32802CD8400611B33 /* StartMenuProtocol.swift in Sources */ = {isa = PBXBuildFile; fileRef = A77395D22802CD8400611B33 /* StartMenuProtocol.swift */; };
		A77395D52802D55900611B33 /* StartMenuRouter.swift in Sources */ = {isa = PBXBuildFile; fileRef = A77395D42802D55900611B33 /* StartMenuRouter.swift */; };
		A77395D72802DD4700611B33 /* StartMenuEntity.swift in Sources */ = {isa = PBXBuildFile; fileRef = A77395D62802DD4700611B33 /* StartMenuEntity.swift */; };
		A77395D92802DD6000611B33 /* StartMenuInteractor.swift in Sources */ = {isa = PBXBuildFile; fileRef = A77395D82802DD6000611B33 /* StartMenuInteractor.swift */; };
		A77395DB2802DD7900611B33 /* StartMenuPresenter.swift in Sources */ = {isa = PBXBuildFile; fileRef = A77395DA2802DD7900611B33 /* StartMenuPresenter.swift */; };
		AA3561A42803C21B001920D5 /* LoginVC.swift in Sources */ = {isa = PBXBuildFile; fileRef = AA3561A22803C21B001920D5 /* LoginVC.swift */; };
		AA3561A52803C21B001920D5 /* LoginVC.xib in Resources */ = {isa = PBXBuildFile; fileRef = AA3561A32803C21B001920D5 /* LoginVC.xib */; };
		AA3561A72803C22F001920D5 /* LoginProtocol.swift in Sources */ = {isa = PBXBuildFile; fileRef = AA3561A62803C22F001920D5 /* LoginProtocol.swift */; };
		AA3561A92803C2A2001920D5 /* LoginRouter.swift in Sources */ = {isa = PBXBuildFile; fileRef = AA3561A82803C2A2001920D5 /* LoginRouter.swift */; };
		AA3561AD2803C2CE001920D5 /* LoginPresenter.swift in Sources */ = {isa = PBXBuildFile; fileRef = AA3561AC2803C2CE001920D5 /* LoginPresenter.swift */; };
		AA3561AF2803C2DB001920D5 /* LoginInteractor.swift in Sources */ = {isa = PBXBuildFile; fileRef = AA3561AE2803C2DB001920D5 /* LoginInteractor.swift */; };
		AA3561B12803C30D001920D5 /* RegisterProtocol.swift in Sources */ = {isa = PBXBuildFile; fileRef = AA3561B02803C30D001920D5 /* RegisterProtocol.swift */; };
		AA3561B32803C31C001920D5 /* RegisterRouter.swift in Sources */ = {isa = PBXBuildFile; fileRef = AA3561B22803C31C001920D5 /* RegisterRouter.swift */; };
		AA3561B72803C334001920D5 /* RegisterPresenter.swift in Sources */ = {isa = PBXBuildFile; fileRef = AA3561B62803C334001920D5 /* RegisterPresenter.swift */; };
		AA3561B92803C340001920D5 /* RegisterInteractor.swift in Sources */ = {isa = PBXBuildFile; fileRef = AA3561B82803C340001920D5 /* RegisterInteractor.swift */; };
		AA3561BC2803C34E001920D5 /* RegisterVC.swift in Sources */ = {isa = PBXBuildFile; fileRef = AA3561BA2803C34E001920D5 /* RegisterVC.swift */; };
		AA3561BD2803C34E001920D5 /* RegisterVC.xib in Resources */ = {isa = PBXBuildFile; fileRef = AA3561BB2803C34E001920D5 /* RegisterVC.xib */; };
		AA3561BF2803C367001920D5 /* MenuProtocol.swift in Sources */ = {isa = PBXBuildFile; fileRef = AA3561BE2803C367001920D5 /* MenuProtocol.swift */; };
		AA3561C12803C373001920D5 /* MenuRouter.swift in Sources */ = {isa = PBXBuildFile; fileRef = AA3561C02803C373001920D5 /* MenuRouter.swift */; };
		AA3561C52803C38C001920D5 /* MenuPresenter.swift in Sources */ = {isa = PBXBuildFile; fileRef = AA3561C42803C38C001920D5 /* MenuPresenter.swift */; };
		AA3561C72803C398001920D5 /* MenuInteractor.swift in Sources */ = {isa = PBXBuildFile; fileRef = AA3561C62803C398001920D5 /* MenuInteractor.swift */; };
		AA3561CC2803CFA5001920D5 /* MenuVC.swift in Sources */ = {isa = PBXBuildFile; fileRef = AA3561CA2803CFA5001920D5 /* MenuVC.swift */; };
		AA3561CD2803CFA5001920D5 /* MenuVC.xib in Resources */ = {isa = PBXBuildFile; fileRef = AA3561CB2803CFA5001920D5 /* MenuVC.xib */; };
		AA3561CF28040F0A001920D5 /* GoogleService-Info.plist in Resources */ = {isa = PBXBuildFile; fileRef = AA3561CE28040F0A001920D5 /* GoogleService-Info.plist */; };
		CD63C06C2A06C3ED00064EB9 /* LoginData.xcdatamodeld in Sources */ = {isa = PBXBuildFile; fileRef = CD63C06A2A06C3ED00064EB9 /* LoginData.xcdatamodeld */; };
		CDF1CF242A062F6100282D5E /* ExtString.swift in Sources */ = {isa = PBXBuildFile; fileRef = CDF1CF232A062F6100282D5E /* ExtString.swift */; };
		CDF1CF262A062FE700282D5E /* Alert.swift in Sources */ = {isa = PBXBuildFile; fileRef = CDF1CF252A062FE700282D5E /* Alert.swift */; };
/* End PBXBuildFile section */

/* Begin PBXContainerItemProxy section */
		A77395A92802C1FB00611B33 /* PBXContainerItemProxy */ = {
			isa = PBXContainerItemProxy;
			containerPortal = A773958A2802C1FA00611B33 /* Project object */;
			proxyType = 1;
			remoteGlobalIDString = A77395912802C1FA00611B33;
			remoteInfo = "My Bank";
		};
		A77395B32802C1FB00611B33 /* PBXContainerItemProxy */ = {
			isa = PBXContainerItemProxy;
			containerPortal = A773958A2802C1FA00611B33 /* Project object */;
			proxyType = 1;
			remoteGlobalIDString = A77395912802C1FA00611B33;
			remoteInfo = "My Bank";
		};
/* End PBXContainerItemProxy section */

/* Begin PBXFileReference section */
		05F41161468F8D21BE0AFC54 /* Pods-My BankTests.debug.xcconfig */ = {isa = PBXFileReference; includeInIndex = 1; lastKnownFileType = text.xcconfig; name = "Pods-My BankTests.debug.xcconfig"; path = "Target Support Files/Pods-My BankTests/Pods-My BankTests.debug.xcconfig"; sourceTree = "<group>"; };
		0CDE8024CF11FD36D1D1E8BE /* Pods_My_BankTests.framework */ = {isa = PBXFileReference; explicitFileType = wrapper.framework; includeInIndex = 0; path = Pods_My_BankTests.framework; sourceTree = BUILT_PRODUCTS_DIR; };
		27F5BA3386CEBBAFAB834DD7 /* Pods-My BankTests.release.xcconfig */ = {isa = PBXFileReference; includeInIndex = 1; lastKnownFileType = text.xcconfig; name = "Pods-My BankTests.release.xcconfig"; path = "Target Support Files/Pods-My BankTests/Pods-My BankTests.release.xcconfig"; sourceTree = "<group>"; };
		3AFCD3164A403901ABF466F5 /* Pods-My Bank.debug.xcconfig */ = {isa = PBXFileReference; includeInIndex = 1; lastKnownFileType = text.xcconfig; name = "Pods-My Bank.debug.xcconfig"; path = "Target Support Files/Pods-My Bank/Pods-My Bank.debug.xcconfig"; sourceTree = "<group>"; };
		56BC4B68143CC75B7030667A /* Pods_My_Bank_My_BankUITests.framework */ = {isa = PBXFileReference; explicitFileType = wrapper.framework; includeInIndex = 0; path = Pods_My_Bank_My_BankUITests.framework; sourceTree = BUILT_PRODUCTS_DIR; };
		6F76A49018FE23C55C923613 /* Pods_My_Bank.framework */ = {isa = PBXFileReference; explicitFileType = wrapper.framework; includeInIndex = 0; path = Pods_My_Bank.framework; sourceTree = BUILT_PRODUCTS_DIR; };
		7C3588B6C5DF4889245C3591 /* Pods-My Bank-My BankUITests.release.xcconfig */ = {isa = PBXFileReference; includeInIndex = 1; lastKnownFileType = text.xcconfig; name = "Pods-My Bank-My BankUITests.release.xcconfig"; path = "Target Support Files/Pods-My Bank-My BankUITests/Pods-My Bank-My BankUITests.release.xcconfig"; sourceTree = "<group>"; };
		A77395922802C1FA00611B33 /* My Bank.app */ = {isa = PBXFileReference; explicitFileType = wrapper.application; includeInIndex = 0; path = "My Bank.app"; sourceTree = BUILT_PRODUCTS_DIR; };
		A77395952802C1FA00611B33 /* AppDelegate.swift */ = {isa = PBXFileReference; lastKnownFileType = sourcecode.swift; path = AppDelegate.swift; sourceTree = "<group>"; };
		A77395972802C1FA00611B33 /* SceneDelegate.swift */ = {isa = PBXFileReference; lastKnownFileType = sourcecode.swift; path = SceneDelegate.swift; sourceTree = "<group>"; };
		A77395992802C1FA00611B33 /* ViewController.swift */ = {isa = PBXFileReference; lastKnownFileType = sourcecode.swift; path = ViewController.swift; sourceTree = "<group>"; };
		A773959C2802C1FA00611B33 /* Base */ = {isa = PBXFileReference; lastKnownFileType = file.storyboard; name = Base; path = Base.lproj/Main.storyboard; sourceTree = "<group>"; };
		A773959E2802C1FB00611B33 /* Assets.xcassets */ = {isa = PBXFileReference; lastKnownFileType = folder.assetcatalog; path = Assets.xcassets; sourceTree = "<group>"; };
		A77395A12802C1FB00611B33 /* Base */ = {isa = PBXFileReference; lastKnownFileType = file.storyboard; name = Base; path = Base.lproj/LaunchScreen.storyboard; sourceTree = "<group>"; };
		A77395A32802C1FB00611B33 /* Info.plist */ = {isa = PBXFileReference; lastKnownFileType = text.plist.xml; path = Info.plist; sourceTree = "<group>"; };
		A77395A82802C1FB00611B33 /* My BankTests.xctest */ = {isa = PBXFileReference; explicitFileType = wrapper.cfbundle; includeInIndex = 0; path = "My BankTests.xctest"; sourceTree = BUILT_PRODUCTS_DIR; };
		A77395AC2802C1FB00611B33 /* My_BankTests.swift */ = {isa = PBXFileReference; lastKnownFileType = sourcecode.swift; path = My_BankTests.swift; sourceTree = "<group>"; };
		A77395B22802C1FB00611B33 /* My BankUITests.xctest */ = {isa = PBXFileReference; explicitFileType = wrapper.cfbundle; includeInIndex = 0; path = "My BankUITests.xctest"; sourceTree = BUILT_PRODUCTS_DIR; };
		A77395B62802C1FB00611B33 /* My_BankUITests.swift */ = {isa = PBXFileReference; lastKnownFileType = sourcecode.swift; path = My_BankUITests.swift; sourceTree = "<group>"; };
		A77395B82802C1FB00611B33 /* My_BankUITestsLaunchTests.swift */ = {isa = PBXFileReference; lastKnownFileType = sourcecode.swift; path = My_BankUITestsLaunchTests.swift; sourceTree = "<group>"; };
		A77395CE2802CB3500611B33 /* StartMenuVC.swift */ = {isa = PBXFileReference; lastKnownFileType = sourcecode.swift; path = StartMenuVC.swift; sourceTree = "<group>"; };
		A77395CF2802CB3500611B33 /* StartMenuVC.xib */ = {isa = PBXFileReference; lastKnownFileType = file.xib; path = StartMenuVC.xib; sourceTree = "<group>"; };
		A77395D22802CD8400611B33 /* StartMenuProtocol.swift */ = {isa = PBXFileReference; lastKnownFileType = sourcecode.swift; path = StartMenuProtocol.swift; sourceTree = "<group>"; };
		A77395D42802D55900611B33 /* StartMenuRouter.swift */ = {isa = PBXFileReference; lastKnownFileType = sourcecode.swift; path = StartMenuRouter.swift; sourceTree = "<group>"; };
		A77395D62802DD4700611B33 /* StartMenuEntity.swift */ = {isa = PBXFileReference; lastKnownFileType = sourcecode.swift; path = StartMenuEntity.swift; sourceTree = "<group>"; };
		A77395D82802DD6000611B33 /* StartMenuInteractor.swift */ = {isa = PBXFileReference; lastKnownFileType = sourcecode.swift; path = StartMenuInteractor.swift; sourceTree = "<group>"; };
		A77395DA2802DD7900611B33 /* StartMenuPresenter.swift */ = {isa = PBXFileReference; lastKnownFileType = sourcecode.swift; path = StartMenuPresenter.swift; sourceTree = "<group>"; };
		AA3561A22803C21B001920D5 /* LoginVC.swift */ = {isa = PBXFileReference; lastKnownFileType = sourcecode.swift; path = LoginVC.swift; sourceTree = "<group>"; };
		AA3561A32803C21B001920D5 /* LoginVC.xib */ = {isa = PBXFileReference; lastKnownFileType = file.xib; path = LoginVC.xib; sourceTree = "<group>"; };
		AA3561A62803C22F001920D5 /* LoginProtocol.swift */ = {isa = PBXFileReference; lastKnownFileType = sourcecode.swift; path = LoginProtocol.swift; sourceTree = "<group>"; };
		AA3561A82803C2A2001920D5 /* LoginRouter.swift */ = {isa = PBXFileReference; lastKnownFileType = sourcecode.swift; path = LoginRouter.swift; sourceTree = "<group>"; };
		AA3561AC2803C2CE001920D5 /* LoginPresenter.swift */ = {isa = PBXFileReference; lastKnownFileType = sourcecode.swift; path = LoginPresenter.swift; sourceTree = "<group>"; };
		AA3561AE2803C2DB001920D5 /* LoginInteractor.swift */ = {isa = PBXFileReference; lastKnownFileType = sourcecode.swift; path = LoginInteractor.swift; sourceTree = "<group>"; };
		AA3561B02803C30D001920D5 /* RegisterProtocol.swift */ = {isa = PBXFileReference; lastKnownFileType = sourcecode.swift; path = RegisterProtocol.swift; sourceTree = "<group>"; };
		AA3561B22803C31C001920D5 /* RegisterRouter.swift */ = {isa = PBXFileReference; lastKnownFileType = sourcecode.swift; path = RegisterRouter.swift; sourceTree = "<group>"; };
		AA3561B62803C334001920D5 /* RegisterPresenter.swift */ = {isa = PBXFileReference; lastKnownFileType = sourcecode.swift; path = RegisterPresenter.swift; sourceTree = "<group>"; };
		AA3561B82803C340001920D5 /* RegisterInteractor.swift */ = {isa = PBXFileReference; lastKnownFileType = sourcecode.swift; path = RegisterInteractor.swift; sourceTree = "<group>"; };
		AA3561BA2803C34E001920D5 /* RegisterVC.swift */ = {isa = PBXFileReference; lastKnownFileType = sourcecode.swift; path = RegisterVC.swift; sourceTree = "<group>"; };
		AA3561BB2803C34E001920D5 /* RegisterVC.xib */ = {isa = PBXFileReference; lastKnownFileType = file.xib; path = RegisterVC.xib; sourceTree = "<group>"; };
		AA3561BE2803C367001920D5 /* MenuProtocol.swift */ = {isa = PBXFileReference; lastKnownFileType = sourcecode.swift; path = MenuProtocol.swift; sourceTree = "<group>"; };
		AA3561C02803C373001920D5 /* MenuRouter.swift */ = {isa = PBXFileReference; lastKnownFileType = sourcecode.swift; path = MenuRouter.swift; sourceTree = "<group>"; };
		AA3561C42803C38C001920D5 /* MenuPresenter.swift */ = {isa = PBXFileReference; lastKnownFileType = sourcecode.swift; path = MenuPresenter.swift; sourceTree = "<group>"; };
		AA3561C62803C398001920D5 /* MenuInteractor.swift */ = {isa = PBXFileReference; lastKnownFileType = sourcecode.swift; path = MenuInteractor.swift; sourceTree = "<group>"; };
		AA3561CA2803CFA5001920D5 /* MenuVC.swift */ = {isa = PBXFileReference; lastKnownFileType = sourcecode.swift; path = MenuVC.swift; sourceTree = "<group>"; };
		AA3561CB2803CFA5001920D5 /* MenuVC.xib */ = {isa = PBXFileReference; lastKnownFileType = file.xib; path = MenuVC.xib; sourceTree = "<group>"; };
		AA3561CE28040F0A001920D5 /* GoogleService-Info.plist */ = {isa = PBXFileReference; fileEncoding = 4; lastKnownFileType = text.plist.xml; path = "GoogleService-Info.plist"; sourceTree = "<group>"; };
		CA09FB17D6C95A2A470B742B /* Pods-My Bank.release.xcconfig */ = {isa = PBXFileReference; includeInIndex = 1; lastKnownFileType = text.xcconfig; name = "Pods-My Bank.release.xcconfig"; path = "Target Support Files/Pods-My Bank/Pods-My Bank.release.xcconfig"; sourceTree = "<group>"; };
		CD63C06B2A06C3ED00064EB9 /* LoginData.xcdatamodel */ = {isa = PBXFileReference; lastKnownFileType = wrapper.xcdatamodel; path = LoginData.xcdatamodel; sourceTree = "<group>"; };
		CDA33814D9F4F0A61F35A0BA /* Pods-My Bank-My BankUITests.debug.xcconfig */ = {isa = PBXFileReference; includeInIndex = 1; lastKnownFileType = text.xcconfig; name = "Pods-My Bank-My BankUITests.debug.xcconfig"; path = "Target Support Files/Pods-My Bank-My BankUITests/Pods-My Bank-My BankUITests.debug.xcconfig"; sourceTree = "<group>"; };
		CDF1CF232A062F6100282D5E /* ExtString.swift */ = {isa = PBXFileReference; lastKnownFileType = sourcecode.swift; path = ExtString.swift; sourceTree = "<group>"; };
		CDF1CF252A062FE700282D5E /* Alert.swift */ = {isa = PBXFileReference; lastKnownFileType = sourcecode.swift; path = Alert.swift; sourceTree = "<group>"; };
/* End PBXFileReference section */

/* Begin PBXFrameworksBuildPhase section */
		A773958F2802C1FA00611B33 /* Frameworks */ = {
			isa = PBXFrameworksBuildPhase;
			buildActionMask = 2147483647;
			files = (
				3A7A600E0BD957A27072F9E9 /* Pods_My_Bank.framework in Frameworks */,
			);
			runOnlyForDeploymentPostprocessing = 0;
		};
		A77395A52802C1FB00611B33 /* Frameworks */ = {
			isa = PBXFrameworksBuildPhase;
			buildActionMask = 2147483647;
			files = (
				6F868553A586CAB9FB4C3FAB /* Pods_My_BankTests.framework in Frameworks */,
			);
			runOnlyForDeploymentPostprocessing = 0;
		};
		A77395AF2802C1FB00611B33 /* Frameworks */ = {
			isa = PBXFrameworksBuildPhase;
			buildActionMask = 2147483647;
			files = (
				2DB4C8CA0524F08A7AC1CD65 /* Pods_My_Bank_My_BankUITests.framework in Frameworks */,
			);
			runOnlyForDeploymentPostprocessing = 0;
		};
/* End PBXFrameworksBuildPhase section */

/* Begin PBXGroup section */
		8ECB47AD43F4AFD8EBE6A0F9 /* Frameworks */ = {
			isa = PBXGroup;
			children = (
				6F76A49018FE23C55C923613 /* Pods_My_Bank.framework */,
				56BC4B68143CC75B7030667A /* Pods_My_Bank_My_BankUITests.framework */,
				0CDE8024CF11FD36D1D1E8BE /* Pods_My_BankTests.framework */,
			);
			name = Frameworks;
			sourceTree = "<group>";
		};
		A77395892802C1FA00611B33 = {
			isa = PBXGroup;
			children = (
				A77395942802C1FA00611B33 /* My Bank */,
				A77395AB2802C1FB00611B33 /* My BankTests */,
				A77395B52802C1FB00611B33 /* My BankUITests */,
				A77395932802C1FA00611B33 /* Products */,
				D4A40891446B7A82FE48A7D6 /* Pods */,
				8ECB47AD43F4AFD8EBE6A0F9 /* Frameworks */,
			);
			sourceTree = "<group>";
		};
		A77395932802C1FA00611B33 /* Products */ = {
			isa = PBXGroup;
			children = (
				A77395922802C1FA00611B33 /* My Bank.app */,
				A77395A82802C1FB00611B33 /* My BankTests.xctest */,
				A77395B22802C1FB00611B33 /* My BankUITests.xctest */,
			);
			name = Products;
			sourceTree = "<group>";
		};
		A77395942802C1FA00611B33 /* My Bank */ = {
			isa = PBXGroup;
			children = (
				CDF1CF222A062F5100282D5E /* Component */,
				A77395CD2802CA8900611B33 /* SupportingFile */,
				A77395C52802C8CC00611B33 /* Module */,
			);
			path = "My Bank";
			sourceTree = "<group>";
		};
		A77395AB2802C1FB00611B33 /* My BankTests */ = {
			isa = PBXGroup;
			children = (
				A77395AC2802C1FB00611B33 /* My_BankTests.swift */,
			);
			path = "My BankTests";
			sourceTree = "<group>";
		};
		A77395B52802C1FB00611B33 /* My BankUITests */ = {
			isa = PBXGroup;
			children = (
				A77395B62802C1FB00611B33 /* My_BankUITests.swift */,
				A77395B82802C1FB00611B33 /* My_BankUITestsLaunchTests.swift */,
			);
			path = "My BankUITests";
			sourceTree = "<group>";
		};
		A77395C52802C8CC00611B33 /* Module */ = {
			isa = PBXGroup;
			children = (
				AA35618F2803C0F1001920D5 /* MainMenu */,
				AA35618E2803C0E7001920D5 /* Register */,
				AA35618D2803C0DC001920D5 /* Login */,
				A77395C62802C91100611B33 /* StartMenu */,
			);
			path = Module;
			sourceTree = "<group>";
		};
		A77395C62802C91100611B33 /* StartMenu */ = {
			isa = PBXGroup;
			children = (
				A77395CC2802CA7400611B33 /* Protocol */,
				A77395CB2802CA6800611B33 /* Router */,
				A77395CA2802CA5900611B33 /* Entity */,
				A77395C82802CA3700611B33 /* Presenter */,
				A77395C92802CA4600611B33 /* Interactor */,
				A77395C72802C92800611B33 /* View */,
			);
			path = StartMenu;
			sourceTree = "<group>";
		};
		A77395C72802C92800611B33 /* View */ = {
			isa = PBXGroup;
			children = (
				A77395CE2802CB3500611B33 /* StartMenuVC.swift */,
				A77395CF2802CB3500611B33 /* StartMenuVC.xib */,
			);
			path = View;
			sourceTree = "<group>";
		};
		A77395C82802CA3700611B33 /* Presenter */ = {
			isa = PBXGroup;
			children = (
				A77395DA2802DD7900611B33 /* StartMenuPresenter.swift */,
			);
			path = Presenter;
			sourceTree = "<group>";
		};
		A77395C92802CA4600611B33 /* Interactor */ = {
			isa = PBXGroup;
			children = (
				A77395D82802DD6000611B33 /* StartMenuInteractor.swift */,
			);
			path = Interactor;
			sourceTree = "<group>";
		};
		A77395CA2802CA5900611B33 /* Entity */ = {
			isa = PBXGroup;
			children = (
				A77395D62802DD4700611B33 /* StartMenuEntity.swift */,
			);
			path = Entity;
			sourceTree = "<group>";
		};
		A77395CB2802CA6800611B33 /* Router */ = {
			isa = PBXGroup;
			children = (
				A77395D42802D55900611B33 /* StartMenuRouter.swift */,
			);
			path = Router;
			sourceTree = "<group>";
		};
		A77395CC2802CA7400611B33 /* Protocol */ = {
			isa = PBXGroup;
			children = (
				A77395D22802CD8400611B33 /* StartMenuProtocol.swift */,
			);
			path = Protocol;
			sourceTree = "<group>";
		};
		A77395CD2802CA8900611B33 /* SupportingFile */ = {
			isa = PBXGroup;
			children = (
				A77395952802C1FA00611B33 /* AppDelegate.swift */,
				A77395972802C1FA00611B33 /* SceneDelegate.swift */,
				A77395992802C1FA00611B33 /* ViewController.swift */,
				A773959B2802C1FA00611B33 /* Main.storyboard */,
				A773959E2802C1FB00611B33 /* Assets.xcassets */,
				A77395A02802C1FB00611B33 /* LaunchScreen.storyboard */,
				AA3561CE28040F0A001920D5 /* GoogleService-Info.plist */,
				A77395A32802C1FB00611B33 /* Info.plist */,
			);
			path = SupportingFile;
			sourceTree = "<group>";
		};
		AA35618D2803C0DC001920D5 /* Login */ = {
			isa = PBXGroup;
			children = (
				AA3561952803C14B001920D5 /* protocol */,
				AA3561942803C142001920D5 /* router */,
				AA3561932803C13A001920D5 /* entity */,
				AA3561922803C130001920D5 /* presenter */,
				AA3561912803C127001920D5 /* interactor */,
				AA3561902803C11D001920D5 /* view */,
			);
			path = Login;
			sourceTree = "<group>";
		};
		AA35618E2803C0E7001920D5 /* Register */ = {
			isa = PBXGroup;
			children = (
				AA3561962803C173001920D5 /* Protocol */,
				AA35619B2803C1AC001920D5 /* Router */,
				AA35619A2803C1A1001920D5 /* Entity */,
				AA3561992803C195001920D5 /* Presenter */,
				AA3561982803C189001920D5 /* Interactor */,
				AA3561972803C17F001920D5 /* View */,
			);
			path = Register;
			sourceTree = "<group>";
		};
		AA35618F2803C0F1001920D5 /* MainMenu */ = {
			isa = PBXGroup;
			children = (
				AA3561A12803C1F0001920D5 /* Protocol */,
				AA3561A02803C1E7001920D5 /* Router */,
				AA35619F2803C1DE001920D5 /* Entity */,
				AA35619E2803C1D3001920D5 /* Presenter */,
				AA35619D2803C1CA001920D5 /* Interactor */,
				AA35619C2803C1C0001920D5 /* View */,
			);
			path = MainMenu;
			sourceTree = "<group>";
		};
		AA3561902803C11D001920D5 /* view */ = {
			isa = PBXGroup;
			children = (
				AA3561A22803C21B001920D5 /* LoginVC.swift */,
				AA3561A32803C21B001920D5 /* LoginVC.xib */,
			);
			path = view;
			sourceTree = "<group>";
		};
		AA3561912803C127001920D5 /* interactor */ = {
			isa = PBXGroup;
			children = (
				AA3561AE2803C2DB001920D5 /* LoginInteractor.swift */,
			);
			path = interactor;
			sourceTree = "<group>";
		};
		AA3561922803C130001920D5 /* presenter */ = {
			isa = PBXGroup;
			children = (
				AA3561AC2803C2CE001920D5 /* LoginPresenter.swift */,
			);
			path = presenter;
			sourceTree = "<group>";
		};
		AA3561932803C13A001920D5 /* entity */ = {
			isa = PBXGroup;
			children = (
				CD63C06A2A06C3ED00064EB9 /* LoginData.xcdatamodeld */,
			);
			path = entity;
			sourceTree = "<group>";
		};
		AA3561942803C142001920D5 /* router */ = {
			isa = PBXGroup;
			children = (
				AA3561A82803C2A2001920D5 /* LoginRouter.swift */,
			);
			path = router;
			sourceTree = "<group>";
		};
		AA3561952803C14B001920D5 /* protocol */ = {
			isa = PBXGroup;
			children = (
				AA3561A62803C22F001920D5 /* LoginProtocol.swift */,
			);
			path = protocol;
			sourceTree = "<group>";
		};
		AA3561962803C173001920D5 /* Protocol */ = {
			isa = PBXGroup;
			children = (
				AA3561B02803C30D001920D5 /* RegisterProtocol.swift */,
			);
			path = Protocol;
			sourceTree = "<group>";
		};
		AA3561972803C17F001920D5 /* View */ = {
			isa = PBXGroup;
			children = (
				AA3561BA2803C34E001920D5 /* RegisterVC.swift */,
				AA3561BB2803C34E001920D5 /* RegisterVC.xib */,
			);
			path = View;
			sourceTree = "<group>";
		};
		AA3561982803C189001920D5 /* Interactor */ = {
			isa = PBXGroup;
			children = (
				AA3561B82803C340001920D5 /* RegisterInteractor.swift */,
			);
			path = Interactor;
			sourceTree = "<group>";
		};
		AA3561992803C195001920D5 /* Presenter */ = {
			isa = PBXGroup;
			children = (
				AA3561B62803C334001920D5 /* RegisterPresenter.swift */,
			);
			path = Presenter;
			sourceTree = "<group>";
		};
		AA35619A2803C1A1001920D5 /* Entity */ = {
			isa = PBXGroup;
			children = (
			);
			path = Entity;
			sourceTree = "<group>";
		};
		AA35619B2803C1AC001920D5 /* Router */ = {
			isa = PBXGroup;
			children = (
				AA3561B22803C31C001920D5 /* RegisterRouter.swift */,
			);
			path = Router;
			sourceTree = "<group>";
		};
		AA35619C2803C1C0001920D5 /* View */ = {
			isa = PBXGroup;
			children = (
				AA3561CA2803CFA5001920D5 /* MenuVC.swift */,
				AA3561CB2803CFA5001920D5 /* MenuVC.xib */,
			);
			path = View;
			sourceTree = "<group>";
		};
		AA35619D2803C1CA001920D5 /* Interactor */ = {
			isa = PBXGroup;
			children = (
				AA3561C62803C398001920D5 /* MenuInteractor.swift */,
			);
			path = Interactor;
			sourceTree = "<group>";
		};
		AA35619E2803C1D3001920D5 /* Presenter */ = {
			isa = PBXGroup;
			children = (
				AA3561C42803C38C001920D5 /* MenuPresenter.swift */,
			);
			path = Presenter;
			sourceTree = "<group>";
		};
		AA35619F2803C1DE001920D5 /* Entity */ = {
			isa = PBXGroup;
			children = (
			);
			path = Entity;
			sourceTree = "<group>";
		};
		AA3561A02803C1E7001920D5 /* Router */ = {
			isa = PBXGroup;
			children = (
				AA3561C02803C373001920D5 /* MenuRouter.swift */,
			);
			path = Router;
			sourceTree = "<group>";
		};
		AA3561A12803C1F0001920D5 /* Protocol */ = {
			isa = PBXGroup;
			children = (
				AA3561BE2803C367001920D5 /* MenuProtocol.swift */,
			);
			path = Protocol;
			sourceTree = "<group>";
		};
		CDF1CF222A062F5100282D5E /* Component */ = {
			isa = PBXGroup;
			children = (
				CDF1CF232A062F6100282D5E /* ExtString.swift */,
				CDF1CF252A062FE700282D5E /* Alert.swift */,
			);
			path = Component;
			sourceTree = "<group>";
		};
		D4A40891446B7A82FE48A7D6 /* Pods */ = {
			isa = PBXGroup;
			children = (
				3AFCD3164A403901ABF466F5 /* Pods-My Bank.debug.xcconfig */,
				CA09FB17D6C95A2A470B742B /* Pods-My Bank.release.xcconfig */,
				CDA33814D9F4F0A61F35A0BA /* Pods-My Bank-My BankUITests.debug.xcconfig */,
				7C3588B6C5DF4889245C3591 /* Pods-My Bank-My BankUITests.release.xcconfig */,
				05F41161468F8D21BE0AFC54 /* Pods-My BankTests.debug.xcconfig */,
				27F5BA3386CEBBAFAB834DD7 /* Pods-My BankTests.release.xcconfig */,
			);
			path = Pods;
			sourceTree = "<group>";
		};
/* End PBXGroup section */

/* Begin PBXNativeTarget section */
		A77395912802C1FA00611B33 /* My Bank */ = {
			isa = PBXNativeTarget;
			buildConfigurationList = A77395BC2802C1FB00611B33 /* Build configuration list for PBXNativeTarget "My Bank" */;
			buildPhases = (
				63316FD2973F180AA0E6D1CE /* [CP] Check Pods Manifest.lock */,
				A773958E2802C1FA00611B33 /* Sources */,
				A773958F2802C1FA00611B33 /* Frameworks */,
				A77395902802C1FA00611B33 /* Resources */,
				E07A2EFFB665F7F4FD2F19EA /* [CP] Embed Pods Frameworks */,
			);
			buildRules = (
			);
			dependencies = (
			);
			name = "My Bank";
			productName = "My Bank";
			productReference = A77395922802C1FA00611B33 /* My Bank.app */;
			productType = "com.apple.product-type.application";
		};
		A77395A72802C1FB00611B33 /* My BankTests */ = {
			isa = PBXNativeTarget;
			buildConfigurationList = A77395BF2802C1FB00611B33 /* Build configuration list for PBXNativeTarget "My BankTests" */;
			buildPhases = (
				302F20D92DDB73415EEF5A6F /* [CP] Check Pods Manifest.lock */,
				A77395A42802C1FB00611B33 /* Sources */,
				A77395A52802C1FB00611B33 /* Frameworks */,
				A77395A62802C1FB00611B33 /* Resources */,
			);
			buildRules = (
			);
			dependencies = (
				A77395AA2802C1FB00611B33 /* PBXTargetDependency */,
			);
			name = "My BankTests";
			productName = "My BankTests";
			productReference = A77395A82802C1FB00611B33 /* My BankTests.xctest */;
			productType = "com.apple.product-type.bundle.unit-test";
		};
		A77395B12802C1FB00611B33 /* My BankUITests */ = {
			isa = PBXNativeTarget;
			buildConfigurationList = A77395C22802C1FB00611B33 /* Build configuration list for PBXNativeTarget "My BankUITests" */;
			buildPhases = (
				887AD43B4840CAD682B1C8E0 /* [CP] Check Pods Manifest.lock */,
				A77395AE2802C1FB00611B33 /* Sources */,
				A77395AF2802C1FB00611B33 /* Frameworks */,
				A77395B02802C1FB00611B33 /* Resources */,
				FD95F661770A50CAE6E9FBFB /* [CP] Embed Pods Frameworks */,
			);
			buildRules = (
			);
			dependencies = (
				A77395B42802C1FB00611B33 /* PBXTargetDependency */,
			);
			name = "My BankUITests";
			productName = "My BankUITests";
			productReference = A77395B22802C1FB00611B33 /* My BankUITests.xctest */;
			productType = "com.apple.product-type.bundle.ui-testing";
		};
/* End PBXNativeTarget section */

/* Begin PBXProject section */
		A773958A2802C1FA00611B33 /* Project object */ = {
			isa = PBXProject;
			attributes = {
				BuildIndependentTargetsInParallel = 1;
				LastSwiftUpdateCheck = 1300;
				LastUpgradeCheck = 1300;
				TargetAttributes = {
					A77395912802C1FA00611B33 = {
						CreatedOnToolsVersion = 13.0;
					};
					A77395A72802C1FB00611B33 = {
						CreatedOnToolsVersion = 13.0;
						TestTargetID = A77395912802C1FA00611B33;
					};
					A77395B12802C1FB00611B33 = {
						CreatedOnToolsVersion = 13.0;
						TestTargetID = A77395912802C1FA00611B33;
					};
				};
			};
			buildConfigurationList = A773958D2802C1FA00611B33 /* Build configuration list for PBXProject "My Bank" */;
			compatibilityVersion = "Xcode 13.0";
			developmentRegion = en;
			hasScannedForEncodings = 0;
			knownRegions = (
				en,
				Base,
			);
			mainGroup = A77395892802C1FA00611B33;
			productRefGroup = A77395932802C1FA00611B33 /* Products */;
			projectDirPath = "";
			projectRoot = "";
			targets = (
				A77395912802C1FA00611B33 /* My Bank */,
				A77395A72802C1FB00611B33 /* My BankTests */,
				A77395B12802C1FB00611B33 /* My BankUITests */,
			);
		};
/* End PBXProject section */

/* Begin PBXResourcesBuildPhase section */
		A77395902802C1FA00611B33 /* Resources */ = {
			isa = PBXResourcesBuildPhase;
			buildActionMask = 2147483647;
			files = (
				AA3561A52803C21B001920D5 /* LoginVC.xib in Resources */,
				AA3561CF28040F0A001920D5 /* GoogleService-Info.plist in Resources */,
				A77395D12802CB3500611B33 /* StartMenuVC.xib in Resources */,
				AA3561CD2803CFA5001920D5 /* MenuVC.xib in Resources */,
				A77395A22802C1FB00611B33 /* LaunchScreen.storyboard in Resources */,
				AA3561BD2803C34E001920D5 /* RegisterVC.xib in Resources */,
				A773959F2802C1FB00611B33 /* Assets.xcassets in Resources */,
				A773959D2802C1FA00611B33 /* Main.storyboard in Resources */,
			);
			runOnlyForDeploymentPostprocessing = 0;
		};
		A77395A62802C1FB00611B33 /* Resources */ = {
			isa = PBXResourcesBuildPhase;
			buildActionMask = 2147483647;
			files = (
			);
			runOnlyForDeploymentPostprocessing = 0;
		};
		A77395B02802C1FB00611B33 /* Resources */ = {
			isa = PBXResourcesBuildPhase;
			buildActionMask = 2147483647;
			files = (
			);
			runOnlyForDeploymentPostprocessing = 0;
		};
/* End PBXResourcesBuildPhase section */

/* Begin PBXShellScriptBuildPhase section */
		302F20D92DDB73415EEF5A6F /* [CP] Check Pods Manifest.lock */ = {
			isa = PBXShellScriptBuildPhase;
			buildActionMask = 2147483647;
			files = (
			);
			inputFileListPaths = (
			);
			inputPaths = (
				"${PODS_PODFILE_DIR_PATH}/Podfile.lock",
				"${PODS_ROOT}/Manifest.lock",
			);
			name = "[CP] Check Pods Manifest.lock";
			outputFileListPaths = (
			);
			outputPaths = (
				"$(DERIVED_FILE_DIR)/Pods-My BankTests-checkManifestLockResult.txt",
			);
			runOnlyForDeploymentPostprocessing = 0;
			shellPath = /bin/sh;
			shellScript = "diff \"${PODS_PODFILE_DIR_PATH}/Podfile.lock\" \"${PODS_ROOT}/Manifest.lock\" > /dev/null\nif [ $? != 0 ] ; then\n    # print error to STDERR\n    echo \"error: The sandbox is not in sync with the Podfile.lock. Run 'pod install' or update your CocoaPods installation.\" >&2\n    exit 1\nfi\n# This output is used by Xcode 'outputs' to avoid re-running this script phase.\necho \"SUCCESS\" > \"${SCRIPT_OUTPUT_FILE_0}\"\n";
			showEnvVarsInLog = 0;
		};
		63316FD2973F180AA0E6D1CE /* [CP] Check Pods Manifest.lock */ = {
			isa = PBXShellScriptBuildPhase;
			buildActionMask = 2147483647;
			files = (
			);
			inputFileListPaths = (
			);
			inputPaths = (
				"${PODS_PODFILE_DIR_PATH}/Podfile.lock",
				"${PODS_ROOT}/Manifest.lock",
			);
			name = "[CP] Check Pods Manifest.lock";
			outputFileListPaths = (
			);
			outputPaths = (
				"$(DERIVED_FILE_DIR)/Pods-My Bank-checkManifestLockResult.txt",
			);
			runOnlyForDeploymentPostprocessing = 0;
			shellPath = /bin/sh;
			shellScript = "diff \"${PODS_PODFILE_DIR_PATH}/Podfile.lock\" \"${PODS_ROOT}/Manifest.lock\" > /dev/null\nif [ $? != 0 ] ; then\n    # print error to STDERR\n    echo \"error: The sandbox is not in sync with the Podfile.lock. Run 'pod install' or update your CocoaPods installation.\" >&2\n    exit 1\nfi\n# This output is used by Xcode 'outputs' to avoid re-running this script phase.\necho \"SUCCESS\" > \"${SCRIPT_OUTPUT_FILE_0}\"\n";
			showEnvVarsInLog = 0;
		};
		887AD43B4840CAD682B1C8E0 /* [CP] Check Pods Manifest.lock */ = {
			isa = PBXShellScriptBuildPhase;
			buildActionMask = 2147483647;
			files = (
			);
			inputFileListPaths = (
			);
			inputPaths = (
				"${PODS_PODFILE_DIR_PATH}/Podfile.lock",
				"${PODS_ROOT}/Manifest.lock",
			);
			name = "[CP] Check Pods Manifest.lock";
			outputFileListPaths = (
			);
			outputPaths = (
				"$(DERIVED_FILE_DIR)/Pods-My Bank-My BankUITests-checkManifestLockResult.txt",
			);
			runOnlyForDeploymentPostprocessing = 0;
			shellPath = /bin/sh;
			shellScript = "diff \"${PODS_PODFILE_DIR_PATH}/Podfile.lock\" \"${PODS_ROOT}/Manifest.lock\" > /dev/null\nif [ $? != 0 ] ; then\n    # print error to STDERR\n    echo \"error: The sandbox is not in sync with the Podfile.lock. Run 'pod install' or update your CocoaPods installation.\" >&2\n    exit 1\nfi\n# This output is used by Xcode 'outputs' to avoid re-running this script phase.\necho \"SUCCESS\" > \"${SCRIPT_OUTPUT_FILE_0}\"\n";
			showEnvVarsInLog = 0;
		};
		E07A2EFFB665F7F4FD2F19EA /* [CP] Embed Pods Frameworks */ = {
			isa = PBXShellScriptBuildPhase;
			buildActionMask = 2147483647;
			files = (
			);
			inputFileListPaths = (
				"${PODS_ROOT}/Target Support Files/Pods-My Bank/Pods-My Bank-frameworks-${CONFIGURATION}-input-files.xcfilelist",
			);
			name = "[CP] Embed Pods Frameworks";
			outputFileListPaths = (
				"${PODS_ROOT}/Target Support Files/Pods-My Bank/Pods-My Bank-frameworks-${CONFIGURATION}-output-files.xcfilelist",
			);
			runOnlyForDeploymentPostprocessing = 0;
			shellPath = /bin/sh;
			shellScript = "\"${PODS_ROOT}/Target Support Files/Pods-My Bank/Pods-My Bank-frameworks.sh\"\n";
			showEnvVarsInLog = 0;
		};
		FD95F661770A50CAE6E9FBFB /* [CP] Embed Pods Frameworks */ = {
			isa = PBXShellScriptBuildPhase;
			buildActionMask = 2147483647;
			files = (
			);
			inputFileListPaths = (
				"${PODS_ROOT}/Target Support Files/Pods-My Bank-My BankUITests/Pods-My Bank-My BankUITests-frameworks-${CONFIGURATION}-input-files.xcfilelist",
			);
			name = "[CP] Embed Pods Frameworks";
			outputFileListPaths = (
				"${PODS_ROOT}/Target Support Files/Pods-My Bank-My BankUITests/Pods-My Bank-My BankUITests-frameworks-${CONFIGURATION}-output-files.xcfilelist",
			);
			runOnlyForDeploymentPostprocessing = 0;
			shellPath = /bin/sh;
			shellScript = "\"${PODS_ROOT}/Target Support Files/Pods-My Bank-My BankUITests/Pods-My Bank-My BankUITests-frameworks.sh\"\n";
			showEnvVarsInLog = 0;
		};
/* End PBXShellScriptBuildPhase section */

/* Begin PBXSourcesBuildPhase section */
		A773958E2802C1FA00611B33 /* Sources */ = {
			isa = PBXSourcesBuildPhase;
			buildActionMask = 2147483647;
			files = (
				A77395D02802CB3500611B33 /* StartMenuVC.swift in Sources */,
				A773959A2802C1FA00611B33 /* ViewController.swift in Sources */,
				CDF1CF242A062F6100282D5E /* ExtString.swift in Sources */,
				AA3561AD2803C2CE001920D5 /* LoginPresenter.swift in Sources */,
				AA3561A92803C2A2001920D5 /* LoginRouter.swift in Sources */,
				A77395DB2802DD7900611B33 /* StartMenuPresenter.swift in Sources */,
				A77395D92802DD6000611B33 /* StartMenuInteractor.swift in Sources */,
				AA3561A42803C21B001920D5 /* LoginVC.swift in Sources */,
				A77395D72802DD4700611B33 /* StartMenuEntity.swift in Sources */,
				AA3561B12803C30D001920D5 /* RegisterProtocol.swift in Sources */,
				CD63C06C2A06C3ED00064EB9 /* LoginData.xcdatamodeld in Sources */,
				AA3561AF2803C2DB001920D5 /* LoginInteractor.swift in Sources */,
				A77395D52802D55900611B33 /* StartMenuRouter.swift in Sources */,
				AA3561BF2803C367001920D5 /* MenuProtocol.swift in Sources */,
				AA3561C52803C38C001920D5 /* MenuPresenter.swift in Sources */,
				AA3561CC2803CFA5001920D5 /* MenuVC.swift in Sources */,
				AA3561B92803C340001920D5 /* RegisterInteractor.swift in Sources */,
				AA3561C72803C398001920D5 /* MenuInteractor.swift in Sources */,
				AA3561B72803C334001920D5 /* RegisterPresenter.swift in Sources */,
				CDF1CF262A062FE700282D5E /* Alert.swift in Sources */,
				A77395D32802CD8400611B33 /* StartMenuProtocol.swift in Sources */,
				AA3561A72803C22F001920D5 /* LoginProtocol.swift in Sources */,
				A77395962802C1FA00611B33 /* AppDelegate.swift in Sources */,
				AA3561C12803C373001920D5 /* MenuRouter.swift in Sources */,
				AA3561B32803C31C001920D5 /* RegisterRouter.swift in Sources */,
				AA3561BC2803C34E001920D5 /* RegisterVC.swift in Sources */,
				A77395982802C1FA00611B33 /* SceneDelegate.swift in Sources */,
			);
			runOnlyForDeploymentPostprocessing = 0;
		};
		A77395A42802C1FB00611B33 /* Sources */ = {
			isa = PBXSourcesBuildPhase;
			buildActionMask = 2147483647;
			files = (
				A77395AD2802C1FB00611B33 /* My_BankTests.swift in Sources */,
			);
			runOnlyForDeploymentPostprocessing = 0;
		};
		A77395AE2802C1FB00611B33 /* Sources */ = {
			isa = PBXSourcesBuildPhase;
			buildActionMask = 2147483647;
			files = (
				A77395B92802C1FB00611B33 /* My_BankUITestsLaunchTests.swift in Sources */,
				A77395B72802C1FB00611B33 /* My_BankUITests.swift in Sources */,
			);
			runOnlyForDeploymentPostprocessing = 0;
		};
/* End PBXSourcesBuildPhase section */

/* Begin PBXTargetDependency section */
		A77395AA2802C1FB00611B33 /* PBXTargetDependency */ = {
			isa = PBXTargetDependency;
			target = A77395912802C1FA00611B33 /* My Bank */;
			targetProxy = A77395A92802C1FB00611B33 /* PBXContainerItemProxy */;
		};
		A77395B42802C1FB00611B33 /* PBXTargetDependency */ = {
			isa = PBXTargetDependency;
			target = A77395912802C1FA00611B33 /* My Bank */;
			targetProxy = A77395B32802C1FB00611B33 /* PBXContainerItemProxy */;
		};
/* End PBXTargetDependency section */

/* Begin PBXVariantGroup section */
		A773959B2802C1FA00611B33 /* Main.storyboard */ = {
			isa = PBXVariantGroup;
			children = (
				A773959C2802C1FA00611B33 /* Base */,
			);
			name = Main.storyboard;
			sourceTree = "<group>";
		};
		A77395A02802C1FB00611B33 /* LaunchScreen.storyboard */ = {
			isa = PBXVariantGroup;
			children = (
				A77395A12802C1FB00611B33 /* Base */,
			);
			name = LaunchScreen.storyboard;
			sourceTree = "<group>";
		};
/* End PBXVariantGroup section */

/* Begin XCBuildConfiguration section */
		A77395BA2802C1FB00611B33 /* Debug */ = {
			isa = XCBuildConfiguration;
			buildSettings = {
				ALWAYS_SEARCH_USER_PATHS = NO;
				CLANG_ANALYZER_NONNULL = YES;
				CLANG_ANALYZER_NUMBER_OBJECT_CONVERSION = YES_AGGRESSIVE;
				CLANG_CXX_LANGUAGE_STANDARD = "gnu++17";
				CLANG_CXX_LIBRARY = "libc++";
				CLANG_ENABLE_MODULES = YES;
				CLANG_ENABLE_OBJC_ARC = YES;
				CLANG_ENABLE_OBJC_WEAK = YES;
				CLANG_WARN_BLOCK_CAPTURE_AUTORELEASING = YES;
				CLANG_WARN_BOOL_CONVERSION = YES;
				CLANG_WARN_COMMA = YES;
				CLANG_WARN_CONSTANT_CONVERSION = YES;
				CLANG_WARN_DEPRECATED_OBJC_IMPLEMENTATIONS = YES;
				CLANG_WARN_DIRECT_OBJC_ISA_USAGE = YES_ERROR;
				CLANG_WARN_DOCUMENTATION_COMMENTS = YES;
				CLANG_WARN_EMPTY_BODY = YES;
				CLANG_WARN_ENUM_CONVERSION = YES;
				CLANG_WARN_INFINITE_RECURSION = YES;
				CLANG_WARN_INT_CONVERSION = YES;
				CLANG_WARN_NON_LITERAL_NULL_CONVERSION = YES;
				CLANG_WARN_OBJC_IMPLICIT_RETAIN_SELF = YES;
				CLANG_WARN_OBJC_LITERAL_CONVERSION = YES;
				CLANG_WARN_OBJC_ROOT_CLASS = YES_ERROR;
				CLANG_WARN_QUOTED_INCLUDE_IN_FRAMEWORK_HEADER = YES;
				CLANG_WARN_RANGE_LOOP_ANALYSIS = YES;
				CLANG_WARN_STRICT_PROTOTYPES = YES;
				CLANG_WARN_SUSPICIOUS_MOVE = YES;
				CLANG_WARN_UNGUARDED_AVAILABILITY = YES_AGGRESSIVE;
				CLANG_WARN_UNREACHABLE_CODE = YES;
				CLANG_WARN__DUPLICATE_METHOD_MATCH = YES;
				COPY_PHASE_STRIP = NO;
				DEBUG_INFORMATION_FORMAT = dwarf;
				ENABLE_STRICT_OBJC_MSGSEND = YES;
				ENABLE_TESTABILITY = YES;
				GCC_C_LANGUAGE_STANDARD = gnu11;
				GCC_DYNAMIC_NO_PIC = NO;
				GCC_NO_COMMON_BLOCKS = YES;
				GCC_OPTIMIZATION_LEVEL = 0;
				GCC_PREPROCESSOR_DEFINITIONS = (
					"DEBUG=1",
					"$(inherited)",
				);
				GCC_WARN_64_TO_32_BIT_CONVERSION = YES;
				GCC_WARN_ABOUT_RETURN_TYPE = YES_ERROR;
				GCC_WARN_UNDECLARED_SELECTOR = YES;
				GCC_WARN_UNINITIALIZED_AUTOS = YES_AGGRESSIVE;
				GCC_WARN_UNUSED_FUNCTION = YES;
				GCC_WARN_UNUSED_VARIABLE = YES;
				IPHONEOS_DEPLOYMENT_TARGET = 15.0;
				MTL_ENABLE_DEBUG_INFO = INCLUDE_SOURCE;
				MTL_FAST_MATH = YES;
				ONLY_ACTIVE_ARCH = YES;
				SDKROOT = iphoneos;
				SWIFT_ACTIVE_COMPILATION_CONDITIONS = DEBUG;
				SWIFT_OPTIMIZATION_LEVEL = "-Onone";
			};
			name = Debug;
		};
		A77395BB2802C1FB00611B33 /* Release */ = {
			isa = XCBuildConfiguration;
			buildSettings = {
				ALWAYS_SEARCH_USER_PATHS = NO;
				CLANG_ANALYZER_NONNULL = YES;
				CLANG_ANALYZER_NUMBER_OBJECT_CONVERSION = YES_AGGRESSIVE;
				CLANG_CXX_LANGUAGE_STANDARD = "gnu++17";
				CLANG_CXX_LIBRARY = "libc++";
				CLANG_ENABLE_MODULES = YES;
				CLANG_ENABLE_OBJC_ARC = YES;
				CLANG_ENABLE_OBJC_WEAK = YES;
				CLANG_WARN_BLOCK_CAPTURE_AUTORELEASING = YES;
				CLANG_WARN_BOOL_CONVERSION = YES;
				CLANG_WARN_COMMA = YES;
				CLANG_WARN_CONSTANT_CONVERSION = YES;
				CLANG_WARN_DEPRECATED_OBJC_IMPLEMENTATIONS = YES;
				CLANG_WARN_DIRECT_OBJC_ISA_USAGE = YES_ERROR;
				CLANG_WARN_DOCUMENTATION_COMMENTS = YES;
				CLANG_WARN_EMPTY_BODY = YES;
				CLANG_WARN_ENUM_CONVERSION = YES;
				CLANG_WARN_INFINITE_RECURSION = YES;
				CLANG_WARN_INT_CONVERSION = YES;
				CLANG_WARN_NON_LITERAL_NULL_CONVERSION = YES;
				CLANG_WARN_OBJC_IMPLICIT_RETAIN_SELF = YES;
				CLANG_WARN_OBJC_LITERAL_CONVERSION = YES;
				CLANG_WARN_OBJC_ROOT_CLASS = YES_ERROR;
				CLANG_WARN_QUOTED_INCLUDE_IN_FRAMEWORK_HEADER = YES;
				CLANG_WARN_RANGE_LOOP_ANALYSIS = YES;
				CLANG_WARN_STRICT_PROTOTYPES = YES;
				CLANG_WARN_SUSPICIOUS_MOVE = YES;
				CLANG_WARN_UNGUARDED_AVAILABILITY = YES_AGGRESSIVE;
				CLANG_WARN_UNREACHABLE_CODE = YES;
				CLANG_WARN__DUPLICATE_METHOD_MATCH = YES;
				COPY_PHASE_STRIP = NO;
				DEBUG_INFORMATION_FORMAT = "dwarf-with-dsym";
				ENABLE_NS_ASSERTIONS = NO;
				ENABLE_STRICT_OBJC_MSGSEND = YES;
				GCC_C_LANGUAGE_STANDARD = gnu11;
				GCC_NO_COMMON_BLOCKS = YES;
				GCC_WARN_64_TO_32_BIT_CONVERSION = YES;
				GCC_WARN_ABOUT_RETURN_TYPE = YES_ERROR;
				GCC_WARN_UNDECLARED_SELECTOR = YES;
				GCC_WARN_UNINITIALIZED_AUTOS = YES_AGGRESSIVE;
				GCC_WARN_UNUSED_FUNCTION = YES;
				GCC_WARN_UNUSED_VARIABLE = YES;
				IPHONEOS_DEPLOYMENT_TARGET = 15.0;
				MTL_ENABLE_DEBUG_INFO = NO;
				MTL_FAST_MATH = YES;
				SDKROOT = iphoneos;
				SWIFT_COMPILATION_MODE = wholemodule;
				SWIFT_OPTIMIZATION_LEVEL = "-O";
				VALIDATE_PRODUCT = YES;
			};
			name = Release;
		};
		A77395BD2802C1FB00611B33 /* Debug */ = {
			isa = XCBuildConfiguration;
			baseConfigurationReference = 3AFCD3164A403901ABF466F5 /* Pods-My Bank.debug.xcconfig */;
			buildSettings = {
				ASSETCATALOG_COMPILER_APPICON_NAME = AppIcon;
				ASSETCATALOG_COMPILER_GLOBAL_ACCENT_COLOR_NAME = AccentColor;
				CODE_SIGN_STYLE = Automatic;
				CURRENT_PROJECT_VERSION = 1;
				DEVELOPMENT_TEAM = M843HJCGXQ;
				GENERATE_INFOPLIST_FILE = YES;
				INFOPLIST_FILE = "My Bank/SupportingFile/Info.plist";
				INFOPLIST_KEY_UIApplicationSupportsIndirectInputEvents = YES;
				INFOPLIST_KEY_UILaunchStoryboardName = LaunchScreen;
				INFOPLIST_KEY_UIMainStoryboardFile = Main;
				INFOPLIST_KEY_UISupportedInterfaceOrientations_iPad = "UIInterfaceOrientationPortrait UIInterfaceOrientationPortraitUpsideDown UIInterfaceOrientationLandscapeLeft UIInterfaceOrientationLandscapeRight";
				INFOPLIST_KEY_UISupportedInterfaceOrientations_iPhone = "UIInterfaceOrientationPortrait UIInterfaceOrientationLandscapeLeft UIInterfaceOrientationLandscapeRight";
				LD_RUNPATH_SEARCH_PATHS = (
					"$(inherited)",
					"@executable_path/Frameworks",
				);
				MARKETING_VERSION = 1.0;
				PRODUCT_BUNDLE_IDENTIFIER = "com.Prizega.My-Bank";
				PRODUCT_NAME = "$(TARGET_NAME)";
				SWIFT_EMIT_LOC_STRINGS = YES;
				SWIFT_VERSION = 5.0;
				TARGETED_DEVICE_FAMILY = "1,2";
			};
			name = Debug;
		};
		A77395BE2802C1FB00611B33 /* Release */ = {
			isa = XCBuildConfiguration;
			baseConfigurationReference = CA09FB17D6C95A2A470B742B /* Pods-My Bank.release.xcconfig */;
			buildSettings = {
				ASSETCATALOG_COMPILER_APPICON_NAME = AppIcon;
				ASSETCATALOG_COMPILER_GLOBAL_ACCENT_COLOR_NAME = AccentColor;
				CODE_SIGN_STYLE = Automatic;
				CURRENT_PROJECT_VERSION = 1;
				DEVELOPMENT_TEAM = M843HJCGXQ;
				GENERATE_INFOPLIST_FILE = YES;
				INFOPLIST_FILE = "My Bank/SupportingFile/Info.plist";
				INFOPLIST_KEY_UIApplicationSupportsIndirectInputEvents = YES;
				INFOPLIST_KEY_UILaunchStoryboardName = LaunchScreen;
				INFOPLIST_KEY_UIMainStoryboardFile = Main;
				INFOPLIST_KEY_UISupportedInterfaceOrientations_iPad = "UIInterfaceOrientationPortrait UIInterfaceOrientationPortraitUpsideDown UIInterfaceOrientationLandscapeLeft UIInterfaceOrientationLandscapeRight";
				INFOPLIST_KEY_UISupportedInterfaceOrientations_iPhone = "UIInterfaceOrientationPortrait UIInterfaceOrientationLandscapeLeft UIInterfaceOrientationLandscapeRight";
				LD_RUNPATH_SEARCH_PATHS = (
					"$(inherited)",
					"@executable_path/Frameworks",
				);
				MARKETING_VERSION = 1.0;
				PRODUCT_BUNDLE_IDENTIFIER = "com.Prizega.My-Bank";
				PRODUCT_NAME = "$(TARGET_NAME)";
				SWIFT_EMIT_LOC_STRINGS = YES;
				SWIFT_VERSION = 5.0;
				TARGETED_DEVICE_FAMILY = "1,2";
			};
			name = Release;
		};
		A77395C02802C1FB00611B33 /* Debug */ = {
			isa = XCBuildConfiguration;
			baseConfigurationReference = 05F41161468F8D21BE0AFC54 /* Pods-My BankTests.debug.xcconfig */;
			buildSettings = {
				ALWAYS_EMBED_SWIFT_STANDARD_LIBRARIES = YES;
				BUNDLE_LOADER = "$(TEST_HOST)";
				CODE_SIGN_STYLE = Automatic;
				CURRENT_PROJECT_VERSION = 1;
				DEVELOPMENT_TEAM = M843HJCGXQ;
				GENERATE_INFOPLIST_FILE = YES;
				IPHONEOS_DEPLOYMENT_TARGET = 15.0;
				LD_RUNPATH_SEARCH_PATHS = (
					"$(inherited)",
					"@executable_path/Frameworks",
					"@loader_path/Frameworks",
				);
				MARKETING_VERSION = 1.0;
				PRODUCT_BUNDLE_IDENTIFIER = "com.Prizega.My-BankTests";
				PRODUCT_NAME = "$(TARGET_NAME)";
				SWIFT_EMIT_LOC_STRINGS = NO;
				SWIFT_VERSION = 5.0;
				TARGETED_DEVICE_FAMILY = "1,2";
				TEST_HOST = "$(BUILT_PRODUCTS_DIR)/My Bank.app/My Bank";
			};
			name = Debug;
		};
		A77395C12802C1FB00611B33 /* Release */ = {
			isa = XCBuildConfiguration;
			baseConfigurationReference = 27F5BA3386CEBBAFAB834DD7 /* Pods-My BankTests.release.xcconfig */;
			buildSettings = {
				ALWAYS_EMBED_SWIFT_STANDARD_LIBRARIES = YES;
				BUNDLE_LOADER = "$(TEST_HOST)";
				CODE_SIGN_STYLE = Automatic;
				CURRENT_PROJECT_VERSION = 1;
				DEVELOPMENT_TEAM = M843HJCGXQ;
				GENERATE_INFOPLIST_FILE = YES;
				IPHONEOS_DEPLOYMENT_TARGET = 15.0;
				LD_RUNPATH_SEARCH_PATHS = (
					"$(inherited)",
					"@executable_path/Frameworks",
					"@loader_path/Frameworks",
				);
				MARKETING_VERSION = 1.0;
				PRODUCT_BUNDLE_IDENTIFIER = "com.Prizega.My-BankTests";
				PRODUCT_NAME = "$(TARGET_NAME)";
				SWIFT_EMIT_LOC_STRINGS = NO;
				SWIFT_VERSION = 5.0;
				TARGETED_DEVICE_FAMILY = "1,2";
				TEST_HOST = "$(BUILT_PRODUCTS_DIR)/My Bank.app/My Bank";
			};
			name = Release;
		};
		A77395C32802C1FB00611B33 /* Debug */ = {
			isa = XCBuildConfiguration;
			baseConfigurationReference = CDA33814D9F4F0A61F35A0BA /* Pods-My Bank-My BankUITests.debug.xcconfig */;
			buildSettings = {
				ALWAYS_EMBED_SWIFT_STANDARD_LIBRARIES = YES;
				CODE_SIGN_STYLE = Automatic;
				CURRENT_PROJECT_VERSION = 1;
				DEVELOPMENT_TEAM = M843HJCGXQ;
				GENERATE_INFOPLIST_FILE = YES;
				LD_RUNPATH_SEARCH_PATHS = (
					"$(inherited)",
					"@executable_path/Frameworks",
					"@loader_path/Frameworks",
				);
				MARKETING_VERSION = 1.0;
				PRODUCT_BUNDLE_IDENTIFIER = "com.Prizega.My-BankUITests";
				PRODUCT_NAME = "$(TARGET_NAME)";
				SWIFT_EMIT_LOC_STRINGS = NO;
				SWIFT_VERSION = 5.0;
				TARGETED_DEVICE_FAMILY = "1,2";
				TEST_TARGET_NAME = "My Bank";
			};
			name = Debug;
		};
		A77395C42802C1FB00611B33 /* Release */ = {
			isa = XCBuildConfiguration;
			baseConfigurationReference = 7C3588B6C5DF4889245C3591 /* Pods-My Bank-My BankUITests.release.xcconfig */;
			buildSettings = {
				ALWAYS_EMBED_SWIFT_STANDARD_LIBRARIES = YES;
				CODE_SIGN_STYLE = Automatic;
				CURRENT_PROJECT_VERSION = 1;
				DEVELOPMENT_TEAM = M843HJCGXQ;
				GENERATE_INFOPLIST_FILE = YES;
				LD_RUNPATH_SEARCH_PATHS = (
					"$(inherited)",
					"@executable_path/Frameworks",
					"@loader_path/Frameworks",
				);
				MARKETING_VERSION = 1.0;
				PRODUCT_BUNDLE_IDENTIFIER = "com.Prizega.My-BankUITests";
				PRODUCT_NAME = "$(TARGET_NAME)";
				SWIFT_EMIT_LOC_STRINGS = NO;
				SWIFT_VERSION = 5.0;
				TARGETED_DEVICE_FAMILY = "1,2";
				TEST_TARGET_NAME = "My Bank";
			};
			name = Release;
		};
/* End XCBuildConfiguration section */

/* Begin XCConfigurationList section */
		A773958D2802C1FA00611B33 /* Build configuration list for PBXProject "My Bank" */ = {
			isa = XCConfigurationList;
			buildConfigurations = (
				A77395BA2802C1FB00611B33 /* Debug */,
				A77395BB2802C1FB00611B33 /* Release */,
			);
			defaultConfigurationIsVisible = 0;
			defaultConfigurationName = Release;
		};
		A77395BC2802C1FB00611B33 /* Build configuration list for PBXNativeTarget "My Bank" */ = {
			isa = XCConfigurationList;
			buildConfigurations = (
				A77395BD2802C1FB00611B33 /* Debug */,
				A77395BE2802C1FB00611B33 /* Release */,
			);
			defaultConfigurationIsVisible = 0;
			defaultConfigurationName = Release;
		};
		A77395BF2802C1FB00611B33 /* Build configuration list for PBXNativeTarget "My BankTests" */ = {
			isa = XCConfigurationList;
			buildConfigurations = (
				A77395C02802C1FB00611B33 /* Debug */,
				A77395C12802C1FB00611B33 /* Release */,
			);
			defaultConfigurationIsVisible = 0;
			defaultConfigurationName = Release;
		};
		A77395C22802C1FB00611B33 /* Build configuration list for PBXNativeTarget "My BankUITests" */ = {
			isa = XCConfigurationList;
			buildConfigurations = (
				A77395C32802C1FB00611B33 /* Debug */,
				A77395C42802C1FB00611B33 /* Release */,
			);
			defaultConfigurationIsVisible = 0;
			defaultConfigurationName = Release;
		};
/* End XCConfigurationList section */

/* Begin XCVersionGroup section */
		CD63C06A2A06C3ED00064EB9 /* LoginData.xcdatamodeld */ = {
			isa = XCVersionGroup;
			children = (
				CD63C06B2A06C3ED00064EB9 /* LoginData.xcdatamodel */,
			);
			currentVersion = CD63C06B2A06C3ED00064EB9 /* LoginData.xcdatamodel */;
			path = LoginData.xcdatamodeld;
			sourceTree = "<group>";
			versionGroupType = wrapper.xcdatamodel;
		};
/* End XCVersionGroup section */
	};
	rootObject = A773958A2802C1FA00611B33 /* Project object */;
}
